
Microsoft Visual Studio Solution File, Format Version 12.00
# Visual Studio Version 17
VisualStudioVersion = 17.1.32228.430
MinimumVisualStudioVersion = 10.0.40219.1
Project("{FAE04EC0-301F-11D3-BF4B-00C04F79EFBC}") = "EntityLayer", "EntitiesLayer\EntityLayer.csproj", "{0C823293-74E1-456C-B699-D5C2E60083C0}"
EndProject
Project("{FAE04EC0-301F-11D3-BF4B-00C04F79EFBC}") = "BusinessLayer", "BusinessLayer\BusinessLayer.csproj", "{9FD4E73A-C8BE-44C0-8AAF-5ADF498B2607}"
EndProject
Project("{FAE04EC0-301F-11D3-BF4B-00C04F79EFBC}") = "DataAccessLayer", "DataAccessLayer\DataAccessLayer.csproj", "{2A982A89-7727-41DF-9BB9-EE482D2DCC9E}"
EndProject
Project("{FAE04EC0-301F-11D3-BF4B-00C04F79EFBC}") = "CoreCV_ProjectWithMvc", "CoreCV_ProjectWithMvc\CoreCV_ProjectWithMvc.csproj", "{998B03BD-2AD1-4044-A56E-099711040494}"
EndProject
Global
	GlobalSection(SolutionConfigurationPlatforms) = preSolution
		Debug|Any CPU = Debug|Any CPU
		Release|Any CPU = Release|Any CPU
	EndGlobalSection
	GlobalSection(ProjectConfigurationPlatforms) = postSolution
		{0C823293-74E1-456C-B699-D5C2E60083C0}.Debug|Any CPU.ActiveCfg = Debug|Any CPU
		{0C823293-74E1-456C-B699-D5C2E60083C0}.Debug|Any CPU.Build.0 = Debug|Any CPU
		{0C823293-74E1-456C-B699-D5C2E60083C0}.Release|Any CPU.ActiveCfg = Release|Any CPU
		{0C823293-74E1-456C-B699-D5C2E60083C0}.Release|Any CPU.Build.0 = Release|Any CPU
		{9FD4E73A-C8BE-44C0-8AAF-5ADF498B2607}.Debug|Any CPU.ActiveCfg = Debug|Any CPU
		{9FD4E73A-C8BE-44C0-8AAF-5ADF498B2607}.Debug|Any CPU.Build.0 = Debug|Any CPU
		{9FD4E73A-C8BE-44C0-8AAF-5ADF498B2607}.Release|Any CPU.ActiveCfg = Release|Any CPU
		{9FD4E73A-C8BE-44C0-8AAF-5ADF498B2607}.Release|Any CPU.Build.0 = Release|Any CPU
		{2A982A89-7727-41DF-9BB9-EE482D2DCC9E}.Debug|Any CPU.ActiveCfg = Debug|Any CPU
		{2A982A89-7727-41DF-9BB9-EE482D2DCC9E}.Debug|Any CPU.Build.0 = Debug|Any CPU
		{2A982A89-7727-41DF-9BB9-EE482D2DCC9E}.Release|Any CPU.ActiveCfg = Release|Any CPU
		{2A982A89-7727-41DF-9BB9-EE482D2DCC9E}.Release|Any CPU.Build.0 = Release|Any CPU
		{998B03BD-2AD1-4044-A56E-099711040494}.Debug|Any CPU.ActiveCfg = Debug|Any CPU
		{998B03BD-2AD1-4044-A56E-099711040494}.Debug|Any CPU.Build.0 = Debug|Any CPU
		{998B03BD-2AD1-4044-A56E-099711040494}.Release|Any CPU.ActiveCfg = Release|Any CPU
		{998B03BD-2AD1-4044-A56E-099711040494}.Release|Any CPU.Build.0 = Release|Any CPU
	EndGlobalSection
	GlobalSection(SolutionProperties) = preSolution
		HideSolutionNode = FALSE
	EndGlobalSection
	GlobalSection(ExtensibilityGlobals) = postSolution
		SolutionGuid = {DBEC59B6-0134-4495-9C7E-D8F7C089EA57}
	EndGlobalSection
EndGlobal
