
Microsoft Visual Studio Solution File, Format Version 12.00
# Visual Studio Version 17
VisualStudioVersion = 17.2.32505.173
MinimumVisualStudioVersion = 10.0.40219.1
Project("{9A19103F-16F7-4668-BE54-9A1E7A4F7556}") = "PortfolioCV.Web", "PortfolioCV.Web\PortfolioCV.Web.csproj", "{FF580794-9B29-4C07-B4E3-E645CBC31BBD}"
EndProject
Project("{FAE04EC0-301F-11D3-BF4B-00C04F79EFBC}") = "Entities", "Entities\Entities.csproj", "{78DAE01D-9F3F-4B52-8385-DA5066267888}"
EndProject
Project("{FAE04EC0-301F-11D3-BF4B-00C04F79EFBC}") = "DataAccess", "DataAccess\DataAccess.csproj", "{0020B096-B636-43FB-AB6A-8FA0E3186DCD}"
EndProject
Project("{FAE04EC0-301F-11D3-BF4B-00C04F79EFBC}") = "Business", "Business\Business.csproj", "{67EE1CA8-CBF9-4B39-80B5-D5C6A0A11775}"
EndProject
Global
	GlobalSection(SolutionConfigurationPlatforms) = preSolution
		Debug|Any CPU = Debug|Any CPU
		Release|Any CPU = Release|Any CPU
	EndGlobalSection
	GlobalSection(ProjectConfigurationPlatforms) = postSolution
		{FF580794-9B29-4C07-B4E3-E645CBC31BBD}.Debug|Any CPU.ActiveCfg = Debug|Any CPU
		{FF580794-9B29-4C07-B4E3-E645CBC31BBD}.Debug|Any CPU.Build.0 = Debug|Any CPU
		{FF580794-9B29-4C07-B4E3-E645CBC31BBD}.Release|Any CPU.ActiveCfg = Release|Any CPU
		{FF580794-9B29-4C07-B4E3-E645CBC31BBD}.Release|Any CPU.Build.0 = Release|Any CPU
		{78DAE01D-9F3F-4B52-8385-DA5066267888}.Debug|Any CPU.ActiveCfg = Debug|Any CPU
		{78DAE01D-9F3F-4B52-8385-DA5066267888}.Debug|Any CPU.Build.0 = Debug|Any CPU
		{78DAE01D-9F3F-4B52-8385-DA5066267888}.Release|Any CPU.ActiveCfg = Release|Any CPU
		{78DAE01D-9F3F-4B52-8385-DA5066267888}.Release|Any CPU.Build.0 = Release|Any CPU
		{0020B096-B636-43FB-AB6A-8FA0E3186DCD}.Debug|Any CPU.ActiveCfg = Debug|Any CPU
		{0020B096-B636-43FB-AB6A-8FA0E3186DCD}.Debug|Any CPU.Build.0 = Debug|Any CPU
		{0020B096-B636-43FB-AB6A-8FA0E3186DCD}.Release|Any CPU.ActiveCfg = Release|Any CPU
		{0020B096-B636-43FB-AB6A-8FA0E3186DCD}.Release|Any CPU.Build.0 = Release|Any CPU
		{67EE1CA8-CBF9-4B39-80B5-D5C6A0A11775}.Debug|Any CPU.ActiveCfg = Debug|Any CPU
		{67EE1CA8-CBF9-4B39-80B5-D5C6A0A11775}.Debug|Any CPU.Build.0 = Debug|Any CPU
		{67EE1CA8-CBF9-4B39-80B5-D5C6A0A11775}.Release|Any CPU.ActiveCfg = Release|Any CPU
		{67EE1CA8-CBF9-4B39-80B5-D5C6A0A11775}.Release|Any CPU.Build.0 = Release|Any CPU
	EndGlobalSection
	GlobalSection(SolutionProperties) = preSolution
		HideSolutionNode = FALSE
	EndGlobalSection
	GlobalSection(ExtensibilityGlobals) = postSolution
		SolutionGuid = {EB2EC730-59AD-4A22-9958-63C96138B016}
	EndGlobalSection
EndGlobal
