
Microsoft Visual Studio Solution File, Format Version 12.00
# Visual Studio Version 17
VisualStudioVersion = 17.1.32228.430
MinimumVisualStudioVersion = 10.0.40219.1
Project("{FAE04EC0-301F-11D3-BF4B-00C04F79EFBC}") = "CoreBlog_Project.UI", "CoreBlog_Project.UI\CoreBlog_Project.UI.csproj", "{331DE20B-1419-4B66-AB86-E32164779E5B}"
EndProject
Project("{FAE04EC0-301F-11D3-BF4B-00C04F79EFBC}") = "CoreBlog_Project.BusinessLayer", "CoreBlog_Project.BusinessLayer\CoreBlog_Project.BusinessLayer.csproj", "{B9B8BE88-8124-48B7-A9A5-02ED64E418E6}"
EndProject
Project("{FAE04EC0-301F-11D3-BF4B-00C04F79EFBC}") = "CoreBlog_Project.DataAccessLayer", "CoreBlog_Project.DataAccessLayer\CoreBlog_Project.DataAccessLayer.csproj", "{69650A0C-3A09-4E0C-8022-1DCF69DCF9E1}"
EndProject
Project("{FAE04EC0-301F-11D3-BF4B-00C04F79EFBC}") = "CoreBlog_Project.EntityLayer", "CoreBlog_Project.EntitiesLayer\CoreBlog_Project.EntityLayer.csproj", "{9639A9C0-E1A6-4C2D-8A76-0D52FD25D7E5}"
EndProject
Global
	GlobalSection(SolutionConfigurationPlatforms) = preSolution
		Debug|Any CPU = Debug|Any CPU
		Release|Any CPU = Release|Any CPU
	EndGlobalSection
	GlobalSection(ProjectConfigurationPlatforms) = postSolution
		{331DE20B-1419-4B66-AB86-E32164779E5B}.Debug|Any CPU.ActiveCfg = Debug|Any CPU
		{331DE20B-1419-4B66-AB86-E32164779E5B}.Debug|Any CPU.Build.0 = Debug|Any CPU
		{331DE20B-1419-4B66-AB86-E32164779E5B}.Release|Any CPU.ActiveCfg = Release|Any CPU
		{331DE20B-1419-4B66-AB86-E32164779E5B}.Release|Any CPU.Build.0 = Release|Any CPU
		{B9B8BE88-8124-48B7-A9A5-02ED64E418E6}.Debug|Any CPU.ActiveCfg = Debug|Any CPU
		{B9B8BE88-8124-48B7-A9A5-02ED64E418E6}.Debug|Any CPU.Build.0 = Debug|Any CPU
		{B9B8BE88-8124-48B7-A9A5-02ED64E418E6}.Release|Any CPU.ActiveCfg = Release|Any CPU
		{B9B8BE88-8124-48B7-A9A5-02ED64E418E6}.Release|Any CPU.Build.0 = Release|Any CPU
		{69650A0C-3A09-4E0C-8022-1DCF69DCF9E1}.Debug|Any CPU.ActiveCfg = Debug|Any CPU
		{69650A0C-3A09-4E0C-8022-1DCF69DCF9E1}.Debug|Any CPU.Build.0 = Debug|Any CPU
		{69650A0C-3A09-4E0C-8022-1DCF69DCF9E1}.Release|Any CPU.ActiveCfg = Release|Any CPU
		{69650A0C-3A09-4E0C-8022-1DCF69DCF9E1}.Release|Any CPU.Build.0 = Release|Any CPU
		{9639A9C0-E1A6-4C2D-8A76-0D52FD25D7E5}.Debug|Any CPU.ActiveCfg = Debug|Any CPU
		{9639A9C0-E1A6-4C2D-8A76-0D52FD25D7E5}.Debug|Any CPU.Build.0 = Debug|Any CPU
		{9639A9C0-E1A6-4C2D-8A76-0D52FD25D7E5}.Release|Any CPU.ActiveCfg = Release|Any CPU
		{9639A9C0-E1A6-4C2D-8A76-0D52FD25D7E5}.Release|Any CPU.Build.0 = Release|Any CPU
	EndGlobalSection
	GlobalSection(SolutionProperties) = preSolution
		HideSolutionNode = FALSE
	EndGlobalSection
	GlobalSection(ExtensibilityGlobals) = postSolution
		SolutionGuid = {EB1FF288-5EF5-4375-891B-6AFFB57BD0DD}
	EndGlobalSection
EndGlobal
